
Microsoft Visual Studio Solution File, Format Version 12.00
# Visual Studio Version 17
VisualStudioVersion = 17.4.33213.308
MinimumVisualStudioVersion = 10.0.40219.1
Project("{FAE04EC0-301F-11D3-BF4B-00C04F79EFBC}") = "Tic_Tac_Toe", "Tic_Tac_Toe\Tic_Tac_Toe.csproj", "{92ED72E0-34D4-482F-968D-1580A31EE939}"
EndProject
Global
	GlobalSection(SolutionConfigurationPlatforms) = preSolution
		Debug|Any CPU = Debug|Any CPU
		Release|Any CPU = Release|Any CPU
	EndGlobalSection
	GlobalSection(ProjectConfigurationPlatforms) = postSolution
		{92ED72E0-34D4-482F-968D-1580A31EE939}.Debug|Any CPU.ActiveCfg = Debug|Any CPU
		{92ED72E0-34D4-482F-968D-1580A31EE939}.Debug|Any CPU.Build.0 = Debug|Any CPU
		{92ED72E0-34D4-482F-968D-1580A31EE939}.Release|Any CPU.ActiveCfg = Release|Any CPU
		{92ED72E0-34D4-482F-968D-1580A31EE939}.Release|Any CPU.Build.0 = Release|Any CPU
	EndGlobalSection
	GlobalSection(SolutionProperties) = preSolution
		HideSolutionNode = FALSE
	EndGlobalSection
	GlobalSection(ExtensibilityGlobals) = postSolution
		SolutionGuid = {AC48B220-B779-4A5A-B485-21D38DF3E082}
	EndGlobalSection
EndGlobal
